
Microsoft Visual Studio Solution File, Format Version 12.00
# Visual Studio 15
VisualStudioVersion = 15.0.26430.12
MinimumVisualStudioVersion = 10.0.40219.1
Project("{FAE04EC0-301F-11D3-BF4B-00C04F79EFBC}") = "SpriteSheeter", "SpriteSheeter\SpriteSheeter.csproj", "{EBEFB864-DB45-497E-95D0-3C7935E9E58C}"
EndProject
Global
	GlobalSection(SolutionConfigurationPlatforms) = preSolution
		Debug|Any CPU = Debug|Any CPU
		Release|Any CPU = Release|Any CPU
	EndGlobalSection
	GlobalSection(ProjectConfigurationPlatforms) = postSolution
		{EBEFB864-DB45-497E-95D0-3C7935E9E58C}.Debug|Any CPU.ActiveCfg = Debug|Any CPU
		{EBEFB864-DB45-497E-95D0-3C7935E9E58C}.Debug|Any CPU.Build.0 = Debug|Any CPU
		{EBEFB864-DB45-497E-95D0-3C7935E9E58C}.Release|Any CPU.ActiveCfg = Release|Any CPU
		{EBEFB864-DB45-497E-95D0-3C7935E9E58C}.Release|Any CPU.Build.0 = Release|Any CPU
	EndGlobalSection
	GlobalSection(SolutionProperties) = preSolution
		HideSolutionNode = FALSE
	EndGlobalSection
EndGlobal
